
Microsoft Visual Studio Solution File, Format Version 12.00
# Visual Studio Version 16
VisualStudioVersion = 16.0.30621.155
MinimumVisualStudioVersion = 10.0.40219.1
Project("{FAE04EC0-301F-11D3-BF4B-00C04F79EFBC}") = "Cds-App-Registration", "Cds-App-Registration\Cds-App-Registration.csproj", "{9CBFB364-9344-4042-A107-DF69CB3F87DF}"
EndProject
Global
	GlobalSection(SolutionConfigurationPlatforms) = preSolution
		Debug|Any CPU = Debug|Any CPU
		Release|Any CPU = Release|Any CPU
	EndGlobalSection
	GlobalSection(ProjectConfigurationPlatforms) = postSolution
		{9CBFB364-9344-4042-A107-DF69CB3F87DF}.Debug|Any CPU.ActiveCfg = Debug|Any CPU
		{9CBFB364-9344-4042-A107-DF69CB3F87DF}.Debug|Any CPU.Build.0 = Debug|Any CPU
		{9CBFB364-9344-4042-A107-DF69CB3F87DF}.Release|Any CPU.ActiveCfg = Release|Any CPU
		{9CBFB364-9344-4042-A107-DF69CB3F87DF}.Release|Any CPU.Build.0 = Release|Any CPU
	EndGlobalSection
	GlobalSection(SolutionProperties) = preSolution
		HideSolutionNode = FALSE
	EndGlobalSection
	GlobalSection(ExtensibilityGlobals) = postSolution
		SolutionGuid = {6DF72B61-A852-4A12-896B-077D99148A1F}
	EndGlobalSection
EndGlobal
